
Microsoft Visual Studio Solution File, Format Version 12.00
# Visual Studio 2012
Project("{FAE04EC0-301F-11D3-BF4B-00C04F79EFBC}") = "WinFraccion", "WinFraccion\WinFraccion.csproj", "{5FF24C41-816A-41BA-8BA5-4CF2D0729D1A}"
EndProject
Project("{FAE04EC0-301F-11D3-BF4B-00C04F79EFBC}") = "TestFracciones", "TestFracciones\TestFracciones.csproj", "{58E11946-0E00-4B3B-87BC-D407E8D6604E}"
EndProject
Global
	GlobalSection(SolutionConfigurationPlatforms) = preSolution
		Debug|Any CPU = Debug|Any CPU
		Release|Any CPU = Release|Any CPU
	EndGlobalSection
	GlobalSection(ProjectConfigurationPlatforms) = postSolution
		{5FF24C41-816A-41BA-8BA5-4CF2D0729D1A}.Debug|Any CPU.ActiveCfg = Debug|Any CPU
		{5FF24C41-816A-41BA-8BA5-4CF2D0729D1A}.Debug|Any CPU.Build.0 = Debug|Any CPU
		{5FF24C41-816A-41BA-8BA5-4CF2D0729D1A}.Release|Any CPU.ActiveCfg = Release|Any CPU
		{5FF24C41-816A-41BA-8BA5-4CF2D0729D1A}.Release|Any CPU.Build.0 = Release|Any CPU
		{58E11946-0E00-4B3B-87BC-D407E8D6604E}.Debug|Any CPU.ActiveCfg = Debug|Any CPU
		{58E11946-0E00-4B3B-87BC-D407E8D6604E}.Debug|Any CPU.Build.0 = Debug|Any CPU
		{58E11946-0E00-4B3B-87BC-D407E8D6604E}.Release|Any CPU.ActiveCfg = Release|Any CPU
		{58E11946-0E00-4B3B-87BC-D407E8D6604E}.Release|Any CPU.Build.0 = Release|Any CPU
	EndGlobalSection
	GlobalSection(SolutionProperties) = preSolution
		HideSolutionNode = FALSE
	EndGlobalSection
EndGlobal
